
Microsoft Visual Studio Solution File, Format Version 12.00
# Visual Studio Version 16
VisualStudioVersion = 16.0.30204.135
MinimumVisualStudioVersion = 10.0.40219.1
Project("{FAE04EC0-301F-11D3-BF4B-00C04F79EFBC}") = "EmployeeManagement", "EmployeeManagement\EmployeeManagement.csproj", "{9665DCC0-6B12-44F5-83DF-301723F11130}"
EndProject
Global
	GlobalSection(SolutionConfigurationPlatforms) = preSolution
		Debug|Any CPU = Debug|Any CPU
		Release|Any CPU = Release|Any CPU
	EndGlobalSection
	GlobalSection(ProjectConfigurationPlatforms) = postSolution
		{9665DCC0-6B12-44F5-83DF-301723F11130}.Debug|Any CPU.ActiveCfg = Debug|Any CPU
		{9665DCC0-6B12-44F5-83DF-301723F11130}.Debug|Any CPU.Build.0 = Debug|Any CPU
		{9665DCC0-6B12-44F5-83DF-301723F11130}.Release|Any CPU.ActiveCfg = Release|Any CPU
		{9665DCC0-6B12-44F5-83DF-301723F11130}.Release|Any CPU.Build.0 = Release|Any CPU
	EndGlobalSection
	GlobalSection(SolutionProperties) = preSolution
		HideSolutionNode = FALSE
	EndGlobalSection
	GlobalSection(ExtensibilityGlobals) = postSolution
		SolutionGuid = {E9C580CA-2F59-4068-BE2D-355DA3D1DF7A}
	EndGlobalSection
EndGlobal
