
Microsoft Visual Studio Solution File, Format Version 12.00
# Visual Studio Version 16
VisualStudioVersion = 16.0.29920.165
MinimumVisualStudioVersion = 10.0.40219.1
Project("{FAE04EC0-301F-11D3-BF4B-00C04F79EFBC}") = "QuadraticEquation", "QuadraticEquation\QuadraticEquation.csproj", "{B4D49E65-4BAF-440C-82F7-F5540762C759}"
EndProject
Global
	GlobalSection(SolutionConfigurationPlatforms) = preSolution
		Debug|Any CPU = Debug|Any CPU
		Release|Any CPU = Release|Any CPU
	EndGlobalSection
	GlobalSection(ProjectConfigurationPlatforms) = postSolution
		{B4D49E65-4BAF-440C-82F7-F5540762C759}.Debug|Any CPU.ActiveCfg = Debug|Any CPU
		{B4D49E65-4BAF-440C-82F7-F5540762C759}.Debug|Any CPU.Build.0 = Debug|Any CPU
		{B4D49E65-4BAF-440C-82F7-F5540762C759}.Release|Any CPU.ActiveCfg = Release|Any CPU
		{B4D49E65-4BAF-440C-82F7-F5540762C759}.Release|Any CPU.Build.0 = Release|Any CPU
	EndGlobalSection
	GlobalSection(SolutionProperties) = preSolution
		HideSolutionNode = FALSE
	EndGlobalSection
	GlobalSection(ExtensibilityGlobals) = postSolution
		SolutionGuid = {52B1DF5F-1FC4-493B-9FC7-58F5E7F902E9}
	EndGlobalSection
EndGlobal
