
Microsoft Visual Studio Solution File, Format Version 12.00
# Visual Studio Version 16
VisualStudioVersion = 16.0.30011.22
MinimumVisualStudioVersion = 10.0.40219.1
Project("{FAE04EC0-301F-11D3-BF4B-00C04F79EFBC}") = "MyListGeneric", "MyListGeneric\MyListGeneric.csproj", "{462CC573-FDDF-4A3E-A966-A2633B2C535C}"
EndProject
Project("{FAE04EC0-301F-11D3-BF4B-00C04F79EFBC}") = "MyLinkedListGeneric", "MyLinkedListGeneric\MyLinkedListGeneric.csproj", "{FD0BE458-741A-406C-9BF9-37FAE46C48E4}"
EndProject
Global
	GlobalSection(SolutionConfigurationPlatforms) = preSolution
		Debug|Any CPU = Debug|Any CPU
		Release|Any CPU = Release|Any CPU
	EndGlobalSection
	GlobalSection(ProjectConfigurationPlatforms) = postSolution
		{462CC573-FDDF-4A3E-A966-A2633B2C535C}.Debug|Any CPU.ActiveCfg = Debug|Any CPU
		{462CC573-FDDF-4A3E-A966-A2633B2C535C}.Debug|Any CPU.Build.0 = Debug|Any CPU
		{462CC573-FDDF-4A3E-A966-A2633B2C535C}.Release|Any CPU.ActiveCfg = Release|Any CPU
		{462CC573-FDDF-4A3E-A966-A2633B2C535C}.Release|Any CPU.Build.0 = Release|Any CPU
		{FD0BE458-741A-406C-9BF9-37FAE46C48E4}.Debug|Any CPU.ActiveCfg = Debug|Any CPU
		{FD0BE458-741A-406C-9BF9-37FAE46C48E4}.Debug|Any CPU.Build.0 = Debug|Any CPU
		{FD0BE458-741A-406C-9BF9-37FAE46C48E4}.Release|Any CPU.ActiveCfg = Release|Any CPU
		{FD0BE458-741A-406C-9BF9-37FAE46C48E4}.Release|Any CPU.Build.0 = Release|Any CPU
	EndGlobalSection
	GlobalSection(SolutionProperties) = preSolution
		HideSolutionNode = FALSE
	EndGlobalSection
	GlobalSection(ExtensibilityGlobals) = postSolution
		SolutionGuid = {DEB67822-A7EB-4F33-BC28-5DC0A22CFD11}
	EndGlobalSection
EndGlobal
