
Microsoft Visual Studio Solution File, Format Version 12.00
# Visual Studio Version 16
VisualStudioVersion = 16.0.30011.22
MinimumVisualStudioVersion = 10.0.40219.1
Project("{FAE04EC0-301F-11D3-BF4B-00C04F79EFBC}") = "StudentManagementJson", "StudentManagementJson\StudentManagementJson.csproj", "{F87A8B55-8AD8-4455-92D0-A452E66B0C06}"
EndProject
Global
	GlobalSection(SolutionConfigurationPlatforms) = preSolution
		Debug|Any CPU = Debug|Any CPU
		Release|Any CPU = Release|Any CPU
	EndGlobalSection
	GlobalSection(ProjectConfigurationPlatforms) = postSolution
		{F87A8B55-8AD8-4455-92D0-A452E66B0C06}.Debug|Any CPU.ActiveCfg = Debug|Any CPU
		{F87A8B55-8AD8-4455-92D0-A452E66B0C06}.Debug|Any CPU.Build.0 = Debug|Any CPU
		{F87A8B55-8AD8-4455-92D0-A452E66B0C06}.Release|Any CPU.ActiveCfg = Release|Any CPU
		{F87A8B55-8AD8-4455-92D0-A452E66B0C06}.Release|Any CPU.Build.0 = Release|Any CPU
	EndGlobalSection
	GlobalSection(SolutionProperties) = preSolution
		HideSolutionNode = FALSE
	EndGlobalSection
	GlobalSection(ExtensibilityGlobals) = postSolution
		SolutionGuid = {D88584DD-CCD6-46A5-89ED-5AA03C1E5886}
	EndGlobalSection
EndGlobal
