
Microsoft Visual Studio Solution File, Format Version 12.00
# Visual Studio Version 16
VisualStudioVersion = 16.0.30011.22
MinimumVisualStudioVersion = 10.0.40219.1
Project("{FAE04EC0-301F-11D3-BF4B-00C04F79EFBC}") = "TryCatchDemo", "TryCatchDemo\TryCatchDemo.csproj", "{B9D5C44F-1FB6-4AEB-8401-96F287C5B77C}"
EndProject
Global
	GlobalSection(SolutionConfigurationPlatforms) = preSolution
		Debug|Any CPU = Debug|Any CPU
		Release|Any CPU = Release|Any CPU
	EndGlobalSection
	GlobalSection(ProjectConfigurationPlatforms) = postSolution
		{B9D5C44F-1FB6-4AEB-8401-96F287C5B77C}.Debug|Any CPU.ActiveCfg = Debug|Any CPU
		{B9D5C44F-1FB6-4AEB-8401-96F287C5B77C}.Debug|Any CPU.Build.0 = Debug|Any CPU
		{B9D5C44F-1FB6-4AEB-8401-96F287C5B77C}.Release|Any CPU.ActiveCfg = Release|Any CPU
		{B9D5C44F-1FB6-4AEB-8401-96F287C5B77C}.Release|Any CPU.Build.0 = Release|Any CPU
	EndGlobalSection
	GlobalSection(SolutionProperties) = preSolution
		HideSolutionNode = FALSE
	EndGlobalSection
	GlobalSection(ExtensibilityGlobals) = postSolution
		SolutionGuid = {4F5BB90C-D1F3-452E-9738-5A72F0F05866}
	EndGlobalSection
EndGlobal
