
Microsoft Visual Studio Solution File, Format Version 12.00
# Visual Studio Version 16
VisualStudioVersion = 16.0.30011.22
MinimumVisualStudioVersion = 10.0.40219.1
Project("{FAE04EC0-301F-11D3-BF4B-00C04F79EFBC}") = "SortDemo", "SortDemo\SortDemo.csproj", "{5DD1D95C-1A31-4716-B8CC-3EA3AB1D467E}"
EndProject
Global
	GlobalSection(SolutionConfigurationPlatforms) = preSolution
		Debug|Any CPU = Debug|Any CPU
		Release|Any CPU = Release|Any CPU
	EndGlobalSection
	GlobalSection(ProjectConfigurationPlatforms) = postSolution
		{5DD1D95C-1A31-4716-B8CC-3EA3AB1D467E}.Debug|Any CPU.ActiveCfg = Debug|Any CPU
		{5DD1D95C-1A31-4716-B8CC-3EA3AB1D467E}.Debug|Any CPU.Build.0 = Debug|Any CPU
		{5DD1D95C-1A31-4716-B8CC-3EA3AB1D467E}.Release|Any CPU.ActiveCfg = Release|Any CPU
		{5DD1D95C-1A31-4716-B8CC-3EA3AB1D467E}.Release|Any CPU.Build.0 = Release|Any CPU
	EndGlobalSection
	GlobalSection(SolutionProperties) = preSolution
		HideSolutionNode = FALSE
	EndGlobalSection
	GlobalSection(ExtensibilityGlobals) = postSolution
		SolutionGuid = {16DB2ADC-F94E-46D9-B172-D1166DB4EFF1}
	EndGlobalSection
EndGlobal
