
Microsoft Visual Studio Solution File, Format Version 12.00
# Visual Studio Version 16
VisualStudioVersion = 16.0.30011.22
MinimumVisualStudioVersion = 10.0.40219.1
Project("{FAE04EC0-301F-11D3-BF4B-00C04F79EFBC}") = "absolute-number-calculator", "absolute-number-calculator\absolute-number-calculator.csproj", "{BF15A030-9038-45CA-8E0D-2FDA086FA312}"
EndProject
Global
	GlobalSection(SolutionConfigurationPlatforms) = preSolution
		Debug|Any CPU = Debug|Any CPU
		Release|Any CPU = Release|Any CPU
	EndGlobalSection
	GlobalSection(ProjectConfigurationPlatforms) = postSolution
		{BF15A030-9038-45CA-8E0D-2FDA086FA312}.Debug|Any CPU.ActiveCfg = Debug|Any CPU
		{BF15A030-9038-45CA-8E0D-2FDA086FA312}.Debug|Any CPU.Build.0 = Debug|Any CPU
		{BF15A030-9038-45CA-8E0D-2FDA086FA312}.Release|Any CPU.ActiveCfg = Release|Any CPU
		{BF15A030-9038-45CA-8E0D-2FDA086FA312}.Release|Any CPU.Build.0 = Release|Any CPU
	EndGlobalSection
	GlobalSection(SolutionProperties) = preSolution
		HideSolutionNode = FALSE
	EndGlobalSection
	GlobalSection(ExtensibilityGlobals) = postSolution
		SolutionGuid = {FC03FE4E-5AF2-4114-9431-A2747E5C4965}
	EndGlobalSection
EndGlobal
