
Microsoft Visual Studio Solution File, Format Version 12.00
# Visual Studio Version 16
VisualStudioVersion = 16.0.30204.135
MinimumVisualStudioVersion = 10.0.40219.1
Project("{FAE04EC0-301F-11D3-BF4B-00C04F79EFBC}") = "StudentManagement1", "StudentManagement1\StudentManagement1.csproj", "{186D4F04-95EB-454E-A4ED-BCD3791EF095}"
EndProject
Global
	GlobalSection(SolutionConfigurationPlatforms) = preSolution
		Debug|Any CPU = Debug|Any CPU
		Release|Any CPU = Release|Any CPU
	EndGlobalSection
	GlobalSection(ProjectConfigurationPlatforms) = postSolution
		{186D4F04-95EB-454E-A4ED-BCD3791EF095}.Debug|Any CPU.ActiveCfg = Debug|Any CPU
		{186D4F04-95EB-454E-A4ED-BCD3791EF095}.Debug|Any CPU.Build.0 = Debug|Any CPU
		{186D4F04-95EB-454E-A4ED-BCD3791EF095}.Release|Any CPU.ActiveCfg = Release|Any CPU
		{186D4F04-95EB-454E-A4ED-BCD3791EF095}.Release|Any CPU.Build.0 = Release|Any CPU
	EndGlobalSection
	GlobalSection(SolutionProperties) = preSolution
		HideSolutionNode = FALSE
	EndGlobalSection
	GlobalSection(ExtensibilityGlobals) = postSolution
		SolutionGuid = {E90B3102-0A11-432A-9E6B-B18580AFA4CC}
	EndGlobalSection
EndGlobal
