
Microsoft Visual Studio Solution File, Format Version 12.00
# Visual Studio Version 16
VisualStudioVersion = 16.0.30011.22
MinimumVisualStudioVersion = 10.0.40219.1
Project("{FAE04EC0-301F-11D3-BF4B-00C04F79EFBC}") = "CoffeeShopManagement", "CoffeeShopManagement\CoffeeShopManagement.csproj", "{56621335-E1EC-492E-9537-E6F1ADA94461}"
EndProject
Global
	GlobalSection(SolutionConfigurationPlatforms) = preSolution
		Debug|Any CPU = Debug|Any CPU
		Release|Any CPU = Release|Any CPU
	EndGlobalSection
	GlobalSection(ProjectConfigurationPlatforms) = postSolution
		{56621335-E1EC-492E-9537-E6F1ADA94461}.Debug|Any CPU.ActiveCfg = Debug|Any CPU
		{56621335-E1EC-492E-9537-E6F1ADA94461}.Debug|Any CPU.Build.0 = Debug|Any CPU
		{56621335-E1EC-492E-9537-E6F1ADA94461}.Release|Any CPU.ActiveCfg = Release|Any CPU
		{56621335-E1EC-492E-9537-E6F1ADA94461}.Release|Any CPU.Build.0 = Release|Any CPU
	EndGlobalSection
	GlobalSection(SolutionProperties) = preSolution
		HideSolutionNode = FALSE
	EndGlobalSection
	GlobalSection(ExtensibilityGlobals) = postSolution
		SolutionGuid = {06D241D1-C157-4050-93E7-C241D5AFD637}
	EndGlobalSection
EndGlobal
