
Microsoft Visual Studio Solution File, Format Version 12.00
# Visual Studio Version 16
VisualStudioVersion = 16.0.30114.105
MinimumVisualStudioVersion = 10.0.40219.1
Project("{FAE04EC0-301F-11D3-BF4B-00C04F79EFBC}") = "RegexDemo", "RegexDemo\RegexDemo.csproj", "{7182BBF4-63BD-43F9-A965-D394D0EAF772}"
EndProject
Global
	GlobalSection(SolutionConfigurationPlatforms) = preSolution
		Debug|Any CPU = Debug|Any CPU
		Release|Any CPU = Release|Any CPU
	EndGlobalSection
	GlobalSection(ProjectConfigurationPlatforms) = postSolution
		{7182BBF4-63BD-43F9-A965-D394D0EAF772}.Debug|Any CPU.ActiveCfg = Debug|Any CPU
		{7182BBF4-63BD-43F9-A965-D394D0EAF772}.Debug|Any CPU.Build.0 = Debug|Any CPU
		{7182BBF4-63BD-43F9-A965-D394D0EAF772}.Release|Any CPU.ActiveCfg = Release|Any CPU
		{7182BBF4-63BD-43F9-A965-D394D0EAF772}.Release|Any CPU.Build.0 = Release|Any CPU
	EndGlobalSection
	GlobalSection(SolutionProperties) = preSolution
		HideSolutionNode = FALSE
	EndGlobalSection
	GlobalSection(ExtensibilityGlobals) = postSolution
		SolutionGuid = {B77BE676-72E0-4C89-8AD8-B294F2C35566}
	EndGlobalSection
EndGlobal
